
Microsoft Visual Studio Solution File, Format Version 12.00
# Visual Studio 2012
Project("{E24C65DC-7377-472B-9ABA-BC803B73C61A}") = "skool365", "eGurukul\skool365\", "{590EDE9B-DE35-449A-B215-FF7B7ECA13DE}"
	ProjectSection(WebsiteProperties) = preProject
		Frontpage = "false"
		TargetFrameworkMoniker = ".NETFramework,Version%3Dv4.0"
		Debug.AspNetCompiler.VirtualPath = "/localhost_2379"
		Debug.AspNetCompiler.PhysicalPath = "eGurukul\skool365\"
		Debug.AspNetCompiler.TargetPath = "PrecompiledWeb\localhost_2379\"
		Debug.AspNetCompiler.Updateable = "true"
		Debug.AspNetCompiler.ForceOverwrite = "true"
		Debug.AspNetCompiler.FixedNames = "false"
		Debug.AspNetCompiler.Debug = "True"
		Release.AspNetCompiler.VirtualPath = "/localhost_2379"
		Release.AspNetCompiler.PhysicalPath = "eGurukul\skool365\"
		Release.AspNetCompiler.TargetPath = "PrecompiledWeb\localhost_2379\"
		Release.AspNetCompiler.Updateable = "true"
		Release.AspNetCompiler.ForceOverwrite = "true"
		Release.AspNetCompiler.FixedNames = "false"
		Release.AspNetCompiler.Debug = "False"
		VWDPort = "11510"
	EndProjectSection
EndProject
Project("{FAE04EC0-301F-11D3-BF4B-00C04F79EFBC}") = "BLskool365", "eGurukul\BLskool365\BLskool365.csproj", "{95EBBB58-BF84-445C-A663-3650749BAF8B}"
EndProject
Project("{FAE04EC0-301F-11D3-BF4B-00C04F79EFBC}") = "DLskool365", "eGurukul\DLskool365\DLskool365.csproj", "{6A6714FB-6321-4587-954A-7E1BF5096B9B}"
EndProject
Global
	GlobalSection(SolutionConfigurationPlatforms) = preSolution
		Debug|Any CPU = Debug|Any CPU
		Release|Any CPU = Release|Any CPU
	EndGlobalSection
	GlobalSection(ProjectConfigurationPlatforms) = postSolution
		{590EDE9B-DE35-449A-B215-FF7B7ECA13DE}.Debug|Any CPU.ActiveCfg = Debug|Any CPU
		{590EDE9B-DE35-449A-B215-FF7B7ECA13DE}.Debug|Any CPU.Build.0 = Debug|Any CPU
		{590EDE9B-DE35-449A-B215-FF7B7ECA13DE}.Release|Any CPU.ActiveCfg = Debug|Any CPU
		{590EDE9B-DE35-449A-B215-FF7B7ECA13DE}.Release|Any CPU.Build.0 = Debug|Any CPU
		{95EBBB58-BF84-445C-A663-3650749BAF8B}.Debug|Any CPU.ActiveCfg = Debug|Any CPU
		{95EBBB58-BF84-445C-A663-3650749BAF8B}.Debug|Any CPU.Build.0 = Debug|Any CPU
		{95EBBB58-BF84-445C-A663-3650749BAF8B}.Release|Any CPU.ActiveCfg = Release|Any CPU
		{95EBBB58-BF84-445C-A663-3650749BAF8B}.Release|Any CPU.Build.0 = Release|Any CPU
		{6A6714FB-6321-4587-954A-7E1BF5096B9B}.Debug|Any CPU.ActiveCfg = Debug|Any CPU
		{6A6714FB-6321-4587-954A-7E1BF5096B9B}.Debug|Any CPU.Build.0 = Debug|Any CPU
		{6A6714FB-6321-4587-954A-7E1BF5096B9B}.Release|Any CPU.ActiveCfg = Release|Any CPU
		{6A6714FB-6321-4587-954A-7E1BF5096B9B}.Release|Any CPU.Build.0 = Release|Any CPU
	EndGlobalSection
	GlobalSection(SolutionProperties) = preSolution
		HideSolutionNode = FALSE
	EndGlobalSection
EndGlobal
